
Microsoft Visual Studio Solution File, Format Version 12.00
# Visual Studio Version 17
VisualStudioVersion = 17.0.32112.339
MinimumVisualStudioVersion = 10.0.40219.1
Project("{FAE04EC0-301F-11D3-BF4B-00C04F79EFBC}") = "NSI-OBM", "NSI-OBM\NSI-OBM.csproj", "{639FC096-990C-4F6E-B0B0-ABFD76505E5E}"
EndProject
Global
	GlobalSection(SolutionConfigurationPlatforms) = preSolution
		Debug|Any CPU = Debug|Any CPU
		Release|Any CPU = Release|Any CPU
	EndGlobalSection
	GlobalSection(ProjectConfigurationPlatforms) = postSolution
		{639FC096-990C-4F6E-B0B0-ABFD76505E5E}.Debug|Any CPU.ActiveCfg = Debug|Any CPU
		{639FC096-990C-4F6E-B0B0-ABFD76505E5E}.Debug|Any CPU.Build.0 = Debug|Any CPU
		{639FC096-990C-4F6E-B0B0-ABFD76505E5E}.Release|Any CPU.ActiveCfg = Release|Any CPU
		{639FC096-990C-4F6E-B0B0-ABFD76505E5E}.Release|Any CPU.Build.0 = Release|Any CPU
	EndGlobalSection
	GlobalSection(SolutionProperties) = preSolution
		HideSolutionNode = FALSE
	EndGlobalSection
	GlobalSection(ExtensibilityGlobals) = postSolution
		SolutionGuid = {33AA699C-77E3-40ED-B1F8-DB91B31E24B9}
	EndGlobalSection
EndGlobal
